
Microsoft Visual Studio Solution File, Format Version 12.00
# Visual Studio Version 17
VisualStudioVersion = 17.14.36518.9 d17.14
MinimumVisualStudioVersion = 10.0.40219.1
Project("{FAE04EC0-301F-11D3-BF4B-00C04F79EFBC}") = "BitacoraDocente.Comun", "BitacoraDocente.Comun\BitacoraDocente.Comun.csproj", "{65E84AAF-4327-4D7C-AA71-AF1F810A741E}"
EndProject
Project("{FAE04EC0-301F-11D3-BF4B-00C04F79EFBC}") = "BitacoraDocente.Dominio", "BitacoraDocente.Dominio\BitacoraDocente.Dominio.csproj", "{5AA2C23B-856D-4C90-A74A-2D1235E74B29}"
EndProject
Project("{FAE04EC0-301F-11D3-BF4B-00C04F79EFBC}") = "BitacoraDocente.Intercambio", "BitacoraDocente.Intercambio\BitacoraDocente.Intercambio.csproj", "{BCF39C98-FCC5-438E-9764-CFCCBE83E6E0}"
EndProject
Project("{FAE04EC0-301F-11D3-BF4B-00C04F79EFBC}") = "BitacoraDocente.CapaAuxiliar", "BitacoraDocente.CapaAuxiliar\BitacoraDocente.CapaAuxiliar.csproj", "{3B1CFD13-0796-420F-808F-875EBCA0FB37}"
EndProject
Project("{FAE04EC0-301F-11D3-BF4B-00C04F79EFBC}") = "BitacoraDocente.API", "BitacoraDocente.API\BitacoraDocente.API.csproj", "{ECCBCBD1-A481-4731-9513-46C7F0F6CAF4}"
EndProject
Global
	GlobalSection(SolutionConfigurationPlatforms) = preSolution
		Debug|Any CPU = Debug|Any CPU
		Release|Any CPU = Release|Any CPU
	EndGlobalSection
	GlobalSection(ProjectConfigurationPlatforms) = postSolution
		{65E84AAF-4327-4D7C-AA71-AF1F810A741E}.Debug|Any CPU.ActiveCfg = Debug|Any CPU
		{65E84AAF-4327-4D7C-AA71-AF1F810A741E}.Debug|Any CPU.Build.0 = Debug|Any CPU
		{65E84AAF-4327-4D7C-AA71-AF1F810A741E}.Release|Any CPU.ActiveCfg = Release|Any CPU
		{65E84AAF-4327-4D7C-AA71-AF1F810A741E}.Release|Any CPU.Build.0 = Release|Any CPU
		{5AA2C23B-856D-4C90-A74A-2D1235E74B29}.Debug|Any CPU.ActiveCfg = Debug|Any CPU
		{5AA2C23B-856D-4C90-A74A-2D1235E74B29}.Debug|Any CPU.Build.0 = Debug|Any CPU
		{5AA2C23B-856D-4C90-A74A-2D1235E74B29}.Release|Any CPU.ActiveCfg = Release|Any CPU
		{5AA2C23B-856D-4C90-A74A-2D1235E74B29}.Release|Any CPU.Build.0 = Release|Any CPU
		{BCF39C98-FCC5-438E-9764-CFCCBE83E6E0}.Debug|Any CPU.ActiveCfg = Debug|Any CPU
		{BCF39C98-FCC5-438E-9764-CFCCBE83E6E0}.Debug|Any CPU.Build.0 = Debug|Any CPU
		{BCF39C98-FCC5-438E-9764-CFCCBE83E6E0}.Release|Any CPU.ActiveCfg = Release|Any CPU
		{BCF39C98-FCC5-438E-9764-CFCCBE83E6E0}.Release|Any CPU.Build.0 = Release|Any CPU
		{3B1CFD13-0796-420F-808F-875EBCA0FB37}.Debug|Any CPU.ActiveCfg = Debug|Any CPU
		{3B1CFD13-0796-420F-808F-875EBCA0FB37}.Debug|Any CPU.Build.0 = Debug|Any CPU
		{3B1CFD13-0796-420F-808F-875EBCA0FB37}.Release|Any CPU.ActiveCfg = Release|Any CPU
		{3B1CFD13-0796-420F-808F-875EBCA0FB37}.Release|Any CPU.Build.0 = Release|Any CPU
		{ECCBCBD1-A481-4731-9513-46C7F0F6CAF4}.Debug|Any CPU.ActiveCfg = Debug|Any CPU
		{ECCBCBD1-A481-4731-9513-46C7F0F6CAF4}.Debug|Any CPU.Build.0 = Debug|Any CPU
		{ECCBCBD1-A481-4731-9513-46C7F0F6CAF4}.Release|Any CPU.ActiveCfg = Release|Any CPU
		{ECCBCBD1-A481-4731-9513-46C7F0F6CAF4}.Release|Any CPU.Build.0 = Release|Any CPU
	EndGlobalSection
	GlobalSection(SolutionProperties) = preSolution
		HideSolutionNode = FALSE
	EndGlobalSection
	GlobalSection(ExtensibilityGlobals) = postSolution
		SolutionGuid = {E7B6AE58-AB07-460E-84A7-261758AEE247}
	EndGlobalSection
EndGlobal
